github.com/go-gl/gl v0.0.0-20210813123233-e4099ee2221f h1:s0O46d8fPwk9kU4k1jj76wBquMVETx7uveQD9MCIQoU=
github.com/go-gl/gl v0.0.0-20210813123233-e4099ee2221f/go.mod h1:wjpnOv6ONl2SuJSxqCPVaPZibGFdSci9HFocT9qtVYM=
github.com/go-gl/glfw/v3.3/glfw v0.0.0-20210410170116-ea3d685f79fb h1:T6gaWBvRzJjuOrdCtg8fXXjKai2xSDqWTcKFUPuw8Tw=
github.com/go-gl/glfw/v3.3/glfw v0.0.0-20210410170116-ea3d685f79fb/go.mod h1:tQ2UAYgL5IevRw8kRxooKSPJfGvJ9fJQFa0TUsXzTg8=
